
Microsoft Visual Studio Solution File, Format Version 12.00
# Visual Studio Version 17
VisualStudioVersion = 17.3.32811.315
MinimumVisualStudioVersion = 10.0.40219.1
Project("{9A19103F-16F7-4668-BE54-9A1E7A4F7556}") = "ExampleCQRS", "ExampleCQRS\ExampleCQRS.csproj", "{BC81B4B9-1B59-4AB1-BE55-3878327C96B5}"
EndProject
Project("{2150E333-8FDC-42A3-9474-1A3956D46DE8}") = "src", "src", "{913147EF-C420-42CE-AC4C-4CDA1B6D6F20}"
EndProject
Project("{2150E333-8FDC-42A3-9474-1A3956D46DE8}") = "ApplicationLayer", "ApplicationLayer", "{2E83E6CD-275B-4D65-998A-0916289E31C9}"
EndProject
Project("{2150E333-8FDC-42A3-9474-1A3956D46DE8}") = "DomainLayer", "DomainLayer", "{85A80FE4-AC18-40C6-80F1-D3098B326D99}"
EndProject
Project("{2150E333-8FDC-42A3-9474-1A3956D46DE8}") = "InfrastructureLayer", "InfrastructureLayer", "{41145117-AA52-44A6-A8D3-5344CA7B9086}"
EndProject
Project("{2150E333-8FDC-42A3-9474-1A3956D46DE8}") = "PresentationLayer", "PresentationLayer", "{F4A7349A-ACD2-4633-A7B7-6144CDE3C8AD}"
EndProject
Project("{9A19103F-16F7-4668-BE54-9A1E7A4F7556}") = "ExampleCQRS.Application", "ExampleCQRS.Application\ExampleCQRS.Application.csproj", "{C5C519C6-49CC-4A64-A17B-B8441FC978A8}"
EndProject
Project("{9A19103F-16F7-4668-BE54-9A1E7A4F7556}") = "ExampleCQRS.Domain", "ExampleCQRS.Domain\ExampleCQRS.Domain.csproj", "{66BCC2D2-92C3-42F0-BB90-C2A437042753}"
EndProject
Project("{9A19103F-16F7-4668-BE54-9A1E7A4F7556}") = "ExampleCQRS.Infastructure", "ExampleCQRS.Infastructure\ExampleCQRS.Infastructure.csproj", "{B7F3A745-2138-417B-B19E-1BA95DA9FEA5}"
EndProject
Global
	GlobalSection(SolutionConfigurationPlatforms) = preSolution
		Debug|Any CPU = Debug|Any CPU
		Release|Any CPU = Release|Any CPU
	EndGlobalSection
	GlobalSection(ProjectConfigurationPlatforms) = postSolution
		{BC81B4B9-1B59-4AB1-BE55-3878327C96B5}.Debug|Any CPU.ActiveCfg = Debug|Any CPU
		{BC81B4B9-1B59-4AB1-BE55-3878327C96B5}.Debug|Any CPU.Build.0 = Debug|Any CPU
		{BC81B4B9-1B59-4AB1-BE55-3878327C96B5}.Release|Any CPU.ActiveCfg = Release|Any CPU
		{BC81B4B9-1B59-4AB1-BE55-3878327C96B5}.Release|Any CPU.Build.0 = Release|Any CPU
		{C5C519C6-49CC-4A64-A17B-B8441FC978A8}.Debug|Any CPU.ActiveCfg = Debug|Any CPU
		{C5C519C6-49CC-4A64-A17B-B8441FC978A8}.Debug|Any CPU.Build.0 = Debug|Any CPU
		{C5C519C6-49CC-4A64-A17B-B8441FC978A8}.Release|Any CPU.ActiveCfg = Release|Any CPU
		{C5C519C6-49CC-4A64-A17B-B8441FC978A8}.Release|Any CPU.Build.0 = Release|Any CPU
		{66BCC2D2-92C3-42F0-BB90-C2A437042753}.Debug|Any CPU.ActiveCfg = Debug|Any CPU
		{66BCC2D2-92C3-42F0-BB90-C2A437042753}.Debug|Any CPU.Build.0 = Debug|Any CPU
		{66BCC2D2-92C3-42F0-BB90-C2A437042753}.Release|Any CPU.ActiveCfg = Release|Any CPU
		{66BCC2D2-92C3-42F0-BB90-C2A437042753}.Release|Any CPU.Build.0 = Release|Any CPU
		{B7F3A745-2138-417B-B19E-1BA95DA9FEA5}.Debug|Any CPU.ActiveCfg = Debug|Any CPU
		{B7F3A745-2138-417B-B19E-1BA95DA9FEA5}.Debug|Any CPU.Build.0 = Debug|Any CPU
		{B7F3A745-2138-417B-B19E-1BA95DA9FEA5}.Release|Any CPU.ActiveCfg = Release|Any CPU
		{B7F3A745-2138-417B-B19E-1BA95DA9FEA5}.Release|Any CPU.Build.0 = Release|Any CPU
	EndGlobalSection
	GlobalSection(SolutionProperties) = preSolution
		HideSolutionNode = FALSE
	EndGlobalSection
	GlobalSection(NestedProjects) = preSolution
		{BC81B4B9-1B59-4AB1-BE55-3878327C96B5} = {F4A7349A-ACD2-4633-A7B7-6144CDE3C8AD}
		{2E83E6CD-275B-4D65-998A-0916289E31C9} = {913147EF-C420-42CE-AC4C-4CDA1B6D6F20}
		{85A80FE4-AC18-40C6-80F1-D3098B326D99} = {913147EF-C420-42CE-AC4C-4CDA1B6D6F20}
		{41145117-AA52-44A6-A8D3-5344CA7B9086} = {913147EF-C420-42CE-AC4C-4CDA1B6D6F20}
		{F4A7349A-ACD2-4633-A7B7-6144CDE3C8AD} = {913147EF-C420-42CE-AC4C-4CDA1B6D6F20}
		{C5C519C6-49CC-4A64-A17B-B8441FC978A8} = {2E83E6CD-275B-4D65-998A-0916289E31C9}
		{66BCC2D2-92C3-42F0-BB90-C2A437042753} = {85A80FE4-AC18-40C6-80F1-D3098B326D99}
		{B7F3A745-2138-417B-B19E-1BA95DA9FEA5} = {41145117-AA52-44A6-A8D3-5344CA7B9086}
	EndGlobalSection
	GlobalSection(ExtensibilityGlobals) = postSolution
		SolutionGuid = {455EE2B7-8C43-4B25-A020-142A6FD5F846}
	EndGlobalSection
EndGlobal
